
Microsoft Visual Studio Solution File, Format Version 12.00
# Visual Studio Version 17
VisualStudioVersion = 17.11.35201.85
MinimumVisualStudioVersion = 10.0.40219.1
Project("{FAE04EC0-301F-11D3-BF4B-00C04F79EFBC}") = "DataGridScrollBugTest", "DataGridScrollBugTest.csproj", "{F750F1BA-244E-4FAF-A3A1-987BD12C08B4}"
EndProject
Project("{FAE04EC0-301F-11D3-BF4B-00C04F79EFBC}") = "DataGridScrollBugTest.Tests", "..\TestProject1\DataGridScrollBugTest.Tests.csproj", "{6B2CDFE3-4FCA-4EAF-B83E-72006918EDED}"
EndProject
Global
	GlobalSection(SolutionConfigurationPlatforms) = preSolution
		Debug|Any CPU = Debug|Any CPU
		Release|Any CPU = Release|Any CPU
	EndGlobalSection
	GlobalSection(ProjectConfigurationPlatforms) = postSolution
		{F750F1BA-244E-4FAF-A3A1-987BD12C08B4}.Debug|Any CPU.ActiveCfg = Debug|Any CPU
		{F750F1BA-244E-4FAF-A3A1-987BD12C08B4}.Debug|Any CPU.Build.0 = Debug|Any CPU
		{F750F1BA-244E-4FAF-A3A1-987BD12C08B4}.Release|Any CPU.ActiveCfg = Release|Any CPU
		{F750F1BA-244E-4FAF-A3A1-987BD12C08B4}.Release|Any CPU.Build.0 = Release|Any CPU
		{6B2CDFE3-4FCA-4EAF-B83E-72006918EDED}.Debug|Any CPU.ActiveCfg = Debug|Any CPU
		{6B2CDFE3-4FCA-4EAF-B83E-72006918EDED}.Debug|Any CPU.Build.0 = Debug|Any CPU
		{6B2CDFE3-4FCA-4EAF-B83E-72006918EDED}.Release|Any CPU.ActiveCfg = Release|Any CPU
		{6B2CDFE3-4FCA-4EAF-B83E-72006918EDED}.Release|Any CPU.Build.0 = Release|Any CPU
	EndGlobalSection
	GlobalSection(SolutionProperties) = preSolution
		HideSolutionNode = FALSE
	EndGlobalSection
	GlobalSection(ExtensibilityGlobals) = postSolution
		SolutionGuid = {3C867667-F855-4A91-83DB-CAAEDBBA0A1A}
	EndGlobalSection
EndGlobal
